
Microsoft Visual Studio Solution File, Format Version 12.00
# Visual Studio 2013
VisualStudioVersion = 12.0.21005.1
MinimumVisualStudioVersion = 10.0.40219.1
Project("{8BC9CEB8-8B4A-11D0-8D11-00A0C91BC942}") = "utilities", "utilities\utilities.vcxproj", "{5FEA0DB9-45FC-43B5-A456-85D8294F7C55}"
EndProject
Project("{8BC9CEB8-8B4A-11D0-8D11-00A0C91BC942}") = "bge_core", "bge_core\bge_core.vcxproj", "{FEA2BA1C-6227-494C-9A95-856F2AB32727}"
	ProjectSection(ProjectDependencies) = postProject
		{8411BA4D-45E3-4AAB-B30C-A47DDC05D1FC} = {8411BA4D-45E3-4AAB-B30C-A47DDC05D1FC}
		{85C4D95C-DBA6-4CA2-89F7-287C354916E9} = {85C4D95C-DBA6-4CA2-89F7-287C354916E9}
		{FFBF8676-E05D-4D12-A844-773A2A32DEDA} = {FFBF8676-E05D-4D12-A844-773A2A32DEDA}
		{5FEA0DB9-45FC-43B5-A456-85D8294F7C55} = {5FEA0DB9-45FC-43B5-A456-85D8294F7C55}
	EndProjectSection
EndProject
Project("{8BC9CEB8-8B4A-11D0-8D11-00A0C91BC942}") = "bge_framework", "bge_framework\bge_framework.vcxproj", "{8411BA4D-45E3-4AAB-B30C-A47DDC05D1FC}"
	ProjectSection(ProjectDependencies) = postProject
		{5FEA0DB9-45FC-43B5-A456-85D8294F7C55} = {5FEA0DB9-45FC-43B5-A456-85D8294F7C55}
	EndProjectSection
EndProject
Project("{8BC9CEB8-8B4A-11D0-8D11-00A0C91BC942}") = "bge_audio", "bge_audio\bge_audio.vcxproj", "{FFBF8676-E05D-4D12-A844-773A2A32DEDA}"
	ProjectSection(ProjectDependencies) = postProject
		{5FEA0DB9-45FC-43B5-A456-85D8294F7C55} = {5FEA0DB9-45FC-43B5-A456-85D8294F7C55}
	EndProjectSection
EndProject
Project("{8BC9CEB8-8B4A-11D0-8D11-00A0C91BC942}") = "bge_graphics", "bge_graphics\bge_graphics.vcxproj", "{85C4D95C-DBA6-4CA2-89F7-287C354916E9}"
	ProjectSection(ProjectDependencies) = postProject
		{5FEA0DB9-45FC-43B5-A456-85D8294F7C55} = {5FEA0DB9-45FC-43B5-A456-85D8294F7C55}
	EndProjectSection
EndProject
Project("{8BC9CEB8-8B4A-11D0-8D11-00A0C91BC942}") = "Risen", "Risen\Risen.vcxproj", "{C659B272-66FE-49E1-92F0-0CC198256228}"
	ProjectSection(ProjectDependencies) = postProject
		{FEA2BA1C-6227-494C-9A95-856F2AB32727} = {FEA2BA1C-6227-494C-9A95-856F2AB32727}
		{8411BA4D-45E3-4AAB-B30C-A47DDC05D1FC} = {8411BA4D-45E3-4AAB-B30C-A47DDC05D1FC}
		{85C4D95C-DBA6-4CA2-89F7-287C354916E9} = {85C4D95C-DBA6-4CA2-89F7-287C354916E9}
		{FFBF8676-E05D-4D12-A844-773A2A32DEDA} = {FFBF8676-E05D-4D12-A844-773A2A32DEDA}
		{5FEA0DB9-45FC-43B5-A456-85D8294F7C55} = {5FEA0DB9-45FC-43B5-A456-85D8294F7C55}
	EndProjectSection
EndProject
Global
	GlobalSection(SolutionConfigurationPlatforms) = preSolution
		Debug|Win32 = Debug|Win32
		Release|Win32 = Release|Win32
	EndGlobalSection
	GlobalSection(ProjectConfigurationPlatforms) = postSolution
		{5FEA0DB9-45FC-43B5-A456-85D8294F7C55}.Debug|Win32.ActiveCfg = Debug|Win32
		{5FEA0DB9-45FC-43B5-A456-85D8294F7C55}.Debug|Win32.Build.0 = Debug|Win32
		{5FEA0DB9-45FC-43B5-A456-85D8294F7C55}.Release|Win32.ActiveCfg = Release|Win32
		{5FEA0DB9-45FC-43B5-A456-85D8294F7C55}.Release|Win32.Build.0 = Release|Win32
		{FEA2BA1C-6227-494C-9A95-856F2AB32727}.Debug|Win32.ActiveCfg = Debug|Win32
		{FEA2BA1C-6227-494C-9A95-856F2AB32727}.Debug|Win32.Build.0 = Debug|Win32
		{FEA2BA1C-6227-494C-9A95-856F2AB32727}.Release|Win32.ActiveCfg = Release|Win32
		{FEA2BA1C-6227-494C-9A95-856F2AB32727}.Release|Win32.Build.0 = Release|Win32
		{8411BA4D-45E3-4AAB-B30C-A47DDC05D1FC}.Debug|Win32.ActiveCfg = Debug|Win32
		{8411BA4D-45E3-4AAB-B30C-A47DDC05D1FC}.Debug|Win32.Build.0 = Debug|Win32
		{8411BA4D-45E3-4AAB-B30C-A47DDC05D1FC}.Release|Win32.ActiveCfg = Release|Win32
		{8411BA4D-45E3-4AAB-B30C-A47DDC05D1FC}.Release|Win32.Build.0 = Release|Win32
		{FFBF8676-E05D-4D12-A844-773A2A32DEDA}.Debug|Win32.ActiveCfg = Debug|Win32
		{FFBF8676-E05D-4D12-A844-773A2A32DEDA}.Debug|Win32.Build.0 = Debug|Win32
		{FFBF8676-E05D-4D12-A844-773A2A32DEDA}.Release|Win32.ActiveCfg = Release|Win32
		{FFBF8676-E05D-4D12-A844-773A2A32DEDA}.Release|Win32.Build.0 = Release|Win32
		{85C4D95C-DBA6-4CA2-89F7-287C354916E9}.Debug|Win32.ActiveCfg = Debug|Win32
		{85C4D95C-DBA6-4CA2-89F7-287C354916E9}.Debug|Win32.Build.0 = Debug|Win32
		{85C4D95C-DBA6-4CA2-89F7-287C354916E9}.Release|Win32.ActiveCfg = Release|Win32
		{85C4D95C-DBA6-4CA2-89F7-287C354916E9}.Release|Win32.Build.0 = Release|Win32
		{C659B272-66FE-49E1-92F0-0CC198256228}.Debug|Win32.ActiveCfg = Debug|Win32
		{C659B272-66FE-49E1-92F0-0CC198256228}.Debug|Win32.Build.0 = Debug|Win32
		{C659B272-66FE-49E1-92F0-0CC198256228}.Release|Win32.ActiveCfg = Release|Win32
		{C659B272-66FE-49E1-92F0-0CC198256228}.Release|Win32.Build.0 = Release|Win32
	EndGlobalSection
	GlobalSection(SolutionProperties) = preSolution
		HideSolutionNode = FALSE
	EndGlobalSection
EndGlobal
