<?xml version="1.0" encoding="utf-8"?>
<Project ToolsVersion="4.0" xmlns="http://schemas.microsoft.com/developer/msbuild/2003">
  <ItemGroup>
    <Filter Include="Utils">
      <UniqueIdentifier>{cccf35a3-fdee-4fca-b87f-157ee51f5aa6}</UniqueIdentifier>
    </Filter>
    <Filter Include="Core">
      <UniqueIdentifier>{6492347c-d21e-49d9-89b2-6caf47556bb7}</UniqueIdentifier>
    </Filter>
  </ItemGroup>
  <ItemGroup>
    <ClInclude Include="bat_types.h">
      <Filter>Utils</Filter>
    </ClInclude>
    <ClInclude Include="bat_cstrings.h">
      <Filter>Utils</Filter>
    </ClInclude>
    <ClInclude Include="bat_memory.h">
      <Filter>Utils</Filter>
    </ClInclude>
    <ClInclude Include="bat_platform.h">
      <Filter>Core</Filter>
    </ClInclude>
    <ClInclude Include="bat_singleton.h">
      <Filter>Core</Filter>
    </ClInclude>
    <ClInclude Include="bat_log_mgr.h">
      <Filter>Core</Filter>
    </ClInclude>
    <ClInclude Include="bat_interfaces.h">
      <Filter>Core</Filter>
    </ClInclude>
    <ClInclude Include="bat_file_system.h">
      <Filter>Core</Filter>
    </ClInclude>
  </ItemGroup>
  <ItemGroup>
    <ClCompile Include="bat_cstrings.cpp">
      <Filter>Utils</Filter>
    </ClCompile>
    <ClCompile Include="bat_log_mgr.cpp">
      <Filter>Core</Filter>
    </ClCompile>
  </ItemGroup>
</Project>